
Microsoft Visual Studio Solution File, Format Version 12.00
# Visual Studio Version 16
VisualStudioVersion = 16.0.29418.71
MinimumVisualStudioVersion = 10.0.40219.1
Project("{FAE04EC0-301F-11D3-BF4B-00C04F79EFBC}") = "ExcelFileControlTest", "ExcelFileControlTest.csproj", "{8978CFE0-37A1-4CE4-8562-CE6241863CB6}"
EndProject
Global
	GlobalSection(SolutionConfigurationPlatforms) = preSolution
		Debug|Any CPU = Debug|Any CPU
		Release|Any CPU = Release|Any CPU
	EndGlobalSection
	GlobalSection(ProjectConfigurationPlatforms) = postSolution
		{8978CFE0-37A1-4CE4-8562-CE6241863CB6}.Debug|Any CPU.ActiveCfg = Debug|Any CPU
		{8978CFE0-37A1-4CE4-8562-CE6241863CB6}.Debug|Any CPU.Build.0 = Debug|Any CPU
		{8978CFE0-37A1-4CE4-8562-CE6241863CB6}.Release|Any CPU.ActiveCfg = Release|Any CPU
		{8978CFE0-37A1-4CE4-8562-CE6241863CB6}.Release|Any CPU.Build.0 = Release|Any CPU
	EndGlobalSection
	GlobalSection(SolutionProperties) = preSolution
		HideSolutionNode = FALSE
	EndGlobalSection
	GlobalSection(ExtensibilityGlobals) = postSolution
		SolutionGuid = {11B52B40-EF90-4845-8590-E4BF4BFCE001}
	EndGlobalSection
EndGlobal
